// !$*UTF8*$!
{
	archiveVersion = 1;
	classes = {
	};
	objectVersion = 55;
	objects = {

/* Begin PBXBuildFile section */
		6145D3FC28C4D31800BA8FFF /* SwiftUI_GroceryApp_RealmDBApp.swift in Sources */ = {isa = PBXBuildFile; fileRef = 6145D3FB28C4D31800BA8FFF /* SwiftUI_GroceryApp_RealmDBApp.swift */; };
		6145D3FE28C4D31800BA8FFF /* ContentView.swift in Sources */ = {isa = PBXBuildFile; fileRef = 6145D3FD28C4D31800BA8FFF /* ContentView.swift */; };
		6145D40028C4D31900BA8FFF /* Assets.xcassets in Resources */ = {isa = PBXBuildFile; fileRef = 6145D3FF28C4D31900BA8FFF /* Assets.xcassets */; };
		6145D40328C4D31900BA8FFF /* Preview Assets.xcassets in Resources */ = {isa = PBXBuildFile; fileRef = 6145D40228C4D31900BA8FFF /* Preview Assets.xcassets */; };
		6145D40D28C4D31900BA8FFF /* SwiftUI_GroceryApp_RealmDBTests.swift in Sources */ = {isa = PBXBuildFile; fileRef = 6145D40C28C4D31900BA8FFF /* SwiftUI_GroceryApp_RealmDBTests.swift */; };
		6145D41728C4D31900BA8FFF /* SwiftUI_GroceryApp_RealmDBUITests.swift in Sources */ = {isa = PBXBuildFile; fileRef = 6145D41628C4D31900BA8FFF /* SwiftUI_GroceryApp_RealmDBUITests.swift */; };
		6145D41928C4D31900BA8FFF /* SwiftUI_GroceryApp_RealmDBUITestsLaunchTests.swift in Sources */ = {isa = PBXBuildFile; fileRef = 6145D41828C4D31900BA8FFF /* SwiftUI_GroceryApp_RealmDBUITestsLaunchTests.swift */; };
		6145D42C28C4D3CE00BA8FFF /* ShoppingItem.swift in Sources */ = {isa = PBXBuildFile; fileRef = 6145D42B28C4D3CE00BA8FFF /* ShoppingItem.swift */; };
		6145D42E28C4D3F800BA8FFF /* ShoppingList.swift in Sources */ = {isa = PBXBuildFile; fileRef = 6145D42D28C4D3F800BA8FFF /* ShoppingList.swift */; };
		6145D43028C4D41F00BA8FFF /* Migrator.swift in Sources */ = {isa = PBXBuildFile; fileRef = 6145D42F28C4D41F00BA8FFF /* Migrator.swift */; };
		6145D43228C4D44B00BA8FFF /* AddShoppingListItemScreen.swift in Sources */ = {isa = PBXBuildFile; fileRef = 6145D43128C4D44B00BA8FFF /* AddShoppingListItemScreen.swift */; };
		6145D43428C4D47600BA8FFF /* AddShoppingListScreen.swift in Sources */ = {isa = PBXBuildFile; fileRef = 6145D43328C4D47600BA8FFF /* AddShoppingListScreen.swift */; };
		6145D43628C4D49800BA8FFF /* ShoppingListItemsScreen.swift in Sources */ = {isa = PBXBuildFile; fileRef = 6145D43528C4D49800BA8FFF /* ShoppingListItemsScreen.swift */; };
		6145D43828C4D4C400BA8FFF /* CategoryFilterView.swift in Sources */ = {isa = PBXBuildFile; fileRef = 6145D43728C4D4C400BA8FFF /* CategoryFilterView.swift */; };
		6145D43A28C4D4E500BA8FFF /* ShoppingItemCell.swift in Sources */ = {isa = PBXBuildFile; fileRef = 6145D43928C4D4E500BA8FFF /* ShoppingItemCell.swift */; };
		6145D43D28C4D7E400BA8FFF /* Realm in Frameworks */ = {isa = PBXBuildFile; productRef = 6145D43C28C4D7E400BA8FFF /* Realm */; };
		6145D43F28C4D7E400BA8FFF /* RealmSwift in Frameworks */ = {isa = PBXBuildFile; productRef = 6145D43E28C4D7E400BA8FFF /* RealmSwift */; };
		6145D59F28C5590E00BA8FFF /* Launch Screen.storyboard in Resources */ = {isa = PBXBuildFile; fileRef = 6145D59E28C5590E00BA8FFF /* Launch Screen.storyboard */; };
/* End PBXBuildFile section */

/* Begin PBXContainerItemProxy section */
		6145D40928C4D31900BA8FFF /* PBXContainerItemProxy */ = {
			isa = PBXContainerItemProxy;
			containerPortal = 6145D3F028C4D31800BA8FFF /* Project object */;
			proxyType = 1;
			remoteGlobalIDString = 6145D3F728C4D31800BA8FFF;
			remoteInfo = "SwiftUI-GroceryApp-RealmDB";
		};
		6145D41328C4D31900BA8FFF /* PBXContainerItemProxy */ = {
			isa = PBXContainerItemProxy;
			containerPortal = 6145D3F028C4D31800BA8FFF /* Project object */;
			proxyType = 1;
			remoteGlobalIDString = 6145D3F728C4D31800BA8FFF;
			remoteInfo = "SwiftUI-GroceryApp-RealmDB";
		};
/* End PBXContainerItemProxy section */

/* Begin PBXFileReference section */
		6145D3F828C4D31800BA8FFF /* SwiftUI-GroceryApp-RealmDB.app */ = {isa = PBXFileReference; explicitFileType = wrapper.application; includeInIndex = 0; path = "SwiftUI-GroceryApp-RealmDB.app"; sourceTree = BUILT_PRODUCTS_DIR; };
		6145D3FB28C4D31800BA8FFF /* SwiftUI_GroceryApp_RealmDBApp.swift */ = {isa = PBXFileReference; lastKnownFileType = sourcecode.swift; path = SwiftUI_GroceryApp_RealmDBApp.swift; sourceTree = "<group>"; };
		6145D3FD28C4D31800BA8FFF /* ContentView.swift */ = {isa = PBXFileReference; lastKnownFileType = sourcecode.swift; path = ContentView.swift; sourceTree = "<group>"; };
		6145D3FF28C4D31900BA8FFF /* Assets.xcassets */ = {isa = PBXFileReference; lastKnownFileType = folder.assetcatalog; path = Assets.xcassets; sourceTree = "<group>"; };
		6145D40228C4D31900BA8FFF /* Preview Assets.xcassets */ = {isa = PBXFileReference; lastKnownFileType = folder.assetcatalog; path = "Preview Assets.xcassets"; sourceTree = "<group>"; };
		6145D40828C4D31900BA8FFF /* SwiftUI-GroceryApp-RealmDBTests.xctest */ = {isa = PBXFileReference; explicitFileType = wrapper.cfbundle; includeInIndex = 0; path = "SwiftUI-GroceryApp-RealmDBTests.xctest"; sourceTree = BUILT_PRODUCTS_DIR; };
		6145D40C28C4D31900BA8FFF /* SwiftUI_GroceryApp_RealmDBTests.swift */ = {isa = PBXFileReference; lastKnownFileType = sourcecode.swift; path = SwiftUI_GroceryApp_RealmDBTests.swift; sourceTree = "<group>"; };
		6145D41228C4D31900BA8FFF /* SwiftUI-GroceryApp-RealmDBUITests.xctest */ = {isa = PBXFileReference; explicitFileType = wrapper.cfbundle; includeInIndex = 0; path = "SwiftUI-GroceryApp-RealmDBUITests.xctest"; sourceTree = BUILT_PRODUCTS_DIR; };
		6145D41628C4D31900BA8FFF /* SwiftUI_GroceryApp_RealmDBUITests.swift */ = {isa = PBXFileReference; lastKnownFileType = sourcecode.swift; path = SwiftUI_GroceryApp_RealmDBUITests.swift; sourceTree = "<group>"; };
		6145D41828C4D31900BA8FFF /* SwiftUI_GroceryApp_RealmDBUITestsLaunchTests.swift */ = {isa = PBXFileReference; lastKnownFileType = sourcecode.swift; path = SwiftUI_GroceryApp_RealmDBUITestsLaunchTests.swift; sourceTree = "<group>"; };
		6145D42B28C4D3CE00BA8FFF /* ShoppingItem.swift */ = {isa = PBXFileReference; lastKnownFileType = sourcecode.swift; path = ShoppingItem.swift; sourceTree = "<group>"; };
		6145D42D28C4D3F800BA8FFF /* ShoppingList.swift */ = {isa = PBXFileReference; lastKnownFileType = sourcecode.swift; path = ShoppingList.swift; sourceTree = "<group>"; };
		6145D42F28C4D41F00BA8FFF /* Migrator.swift */ = {isa = PBXFileReference; lastKnownFileType = sourcecode.swift; path = Migrator.swift; sourceTree = "<group>"; };
		6145D43128C4D44B00BA8FFF /* AddShoppingListItemScreen.swift */ = {isa = PBXFileReference; lastKnownFileType = sourcecode.swift; path = AddShoppingListItemScreen.swift; sourceTree = "<group>"; };
		6145D43328C4D47600BA8FFF /* AddShoppingListScreen.swift */ = {isa = PBXFileReference; lastKnownFileType = sourcecode.swift; path = AddShoppingListScreen.swift; sourceTree = "<group>"; };
		6145D43528C4D49800BA8FFF /* ShoppingListItemsScreen.swift */ = {isa = PBXFileReference; lastKnownFileType = sourcecode.swift; path = ShoppingListItemsScreen.swift; sourceTree = "<group>"; };
		6145D43728C4D4C400BA8FFF /* CategoryFilterView.swift */ = {isa = PBXFileReference; lastKnownFileType = sourcecode.swift; path = CategoryFilterView.swift; sourceTree = "<group>"; };
		6145D43928C4D4E500BA8FFF /* ShoppingItemCell.swift */ = {isa = PBXFileReference; lastKnownFileType = sourcecode.swift; path = ShoppingItemCell.swift; sourceTree = "<group>"; };
		6145D59E28C5590E00BA8FFF /* Launch Screen.storyboard */ = {isa = PBXFileReference; lastKnownFileType = file.storyboard; path = "Launch Screen.storyboard"; sourceTree = "<group>"; };
/* End PBXFileReference section */

/* Begin PBXFrameworksBuildPhase section */
		6145D3F528C4D31800BA8FFF /* Frameworks */ = {
			isa = PBXFrameworksBuildPhase;
			buildActionMask = 2147483647;
			files = (
				6145D43F28C4D7E400BA8FFF /* RealmSwift in Frameworks */,
				6145D43D28C4D7E400BA8FFF /* Realm in Frameworks */,
			);
			runOnlyForDeploymentPostprocessing = 0;
		};
		6145D40528C4D31900BA8FFF /* Frameworks */ = {
			isa = PBXFrameworksBuildPhase;
			buildActionMask = 2147483647;
			files = (
			);
			runOnlyForDeploymentPostprocessing = 0;
		};
		6145D40F28C4D31900BA8FFF /* Frameworks */ = {
			isa = PBXFrameworksBuildPhase;
			buildActionMask = 2147483647;
			files = (
			);
			runOnlyForDeploymentPostprocessing = 0;
		};
/* End PBXFrameworksBuildPhase section */

/* Begin PBXGroup section */
		6145D3EF28C4D31800BA8FFF = {
			isa = PBXGroup;
			children = (
				6145D3FA28C4D31800BA8FFF /* SwiftUI-GroceryApp-RealmDB */,
				6145D40B28C4D31900BA8FFF /* SwiftUI-GroceryApp-RealmDBTests */,
				6145D41528C4D31900BA8FFF /* SwiftUI-GroceryApp-RealmDBUITests */,
				6145D3F928C4D31800BA8FFF /* Products */,
			);
			sourceTree = "<group>";
		};
		6145D3F928C4D31800BA8FFF /* Products */ = {
			isa = PBXGroup;
			children = (
				6145D3F828C4D31800BA8FFF /* SwiftUI-GroceryApp-RealmDB.app */,
				6145D40828C4D31900BA8FFF /* SwiftUI-GroceryApp-RealmDBTests.xctest */,
				6145D41228C4D31900BA8FFF /* SwiftUI-GroceryApp-RealmDBUITests.xctest */,
			);
			name = Products;
			sourceTree = "<group>";
		};
		6145D3FA28C4D31800BA8FFF /* SwiftUI-GroceryApp-RealmDB */ = {
			isa = PBXGroup;
			children = (
				6145D3FB28C4D31800BA8FFF /* SwiftUI_GroceryApp_RealmDBApp.swift */,
				6145D42728C4D33E00BA8FFF /* Model */,
				6145D42828C4D36E00BA8FFF /* Util */,
				6145D42A28C4D39300BA8FFF /* Screen */,
				6145D42928C4D38800BA8FFF /* View */,
				6145D3FF28C4D31900BA8FFF /* Assets.xcassets */,
				6145D40128C4D31900BA8FFF /* Preview Content */,
				6145D59E28C5590E00BA8FFF /* Launch Screen.storyboard */,
			);
			path = "SwiftUI-GroceryApp-RealmDB";
			sourceTree = "<group>";
		};
		6145D40128C4D31900BA8FFF /* Preview Content */ = {
			isa = PBXGroup;
			children = (
				6145D40228C4D31900BA8FFF /* Preview Assets.xcassets */,
			);
			path = "Preview Content";
			sourceTree = "<group>";
		};
		6145D40B28C4D31900BA8FFF /* SwiftUI-GroceryApp-RealmDBTests */ = {
			isa = PBXGroup;
			children = (
				6145D40C28C4D31900BA8FFF /* SwiftUI_GroceryApp_RealmDBTests.swift */,
			);
			path = "SwiftUI-GroceryApp-RealmDBTests";
			sourceTree = "<group>";
		};
		6145D41528C4D31900BA8FFF /* SwiftUI-GroceryApp-RealmDBUITests */ = {
			isa = PBXGroup;
			children = (
				6145D41628C4D31900BA8FFF /* SwiftUI_GroceryApp_RealmDBUITests.swift */,
				6145D41828C4D31900BA8FFF /* SwiftUI_GroceryApp_RealmDBUITestsLaunchTests.swift */,
			);
			path = "SwiftUI-GroceryApp-RealmDBUITests";
			sourceTree = "<group>";
		};
		6145D42728C4D33E00BA8FFF /* Model */ = {
			isa = PBXGroup;
			children = (
				6145D42B28C4D3CE00BA8FFF /* ShoppingItem.swift */,
				6145D42D28C4D3F800BA8FFF /* ShoppingList.swift */,
			);
			path = Model;
			sourceTree = "<group>";
		};
		6145D42828C4D36E00BA8FFF /* Util */ = {
			isa = PBXGroup;
			children = (
				6145D42F28C4D41F00BA8FFF /* Migrator.swift */,
			);
			path = Util;
			sourceTree = "<group>";
		};
		6145D42928C4D38800BA8FFF /* View */ = {
			isa = PBXGroup;
			children = (
				6145D43728C4D4C400BA8FFF /* CategoryFilterView.swift */,
				6145D43928C4D4E500BA8FFF /* ShoppingItemCell.swift */,
			);
			path = View;
			sourceTree = "<group>";
		};
		6145D42A28C4D39300BA8FFF /* Screen */ = {
			isa = PBXGroup;
			children = (
				6145D43128C4D44B00BA8FFF /* AddShoppingListItemScreen.swift */,
				6145D43328C4D47600BA8FFF /* AddShoppingListScreen.swift */,
				6145D43528C4D49800BA8FFF /* ShoppingListItemsScreen.swift */,
				6145D3FD28C4D31800BA8FFF /* ContentView.swift */,
			);
			path = Screen;
			sourceTree = "<group>";
		};
/* End PBXGroup section */

/* Begin PBXNativeTarget section */
		6145D3F728C4D31800BA8FFF /* SwiftUI-GroceryApp-RealmDB */ = {
			isa = PBXNativeTarget;
			buildConfigurationList = 6145D41C28C4D31900BA8FFF /* Build configuration list for PBXNativeTarget "SwiftUI-GroceryApp-RealmDB" */;
			buildPhases = (
				6145D3F428C4D31800BA8FFF /* Sources */,
				6145D3F528C4D31800BA8FFF /* Frameworks */,
				6145D3F628C4D31800BA8FFF /* Resources */,
			);
			buildRules = (
			);
			dependencies = (
			);
			name = "SwiftUI-GroceryApp-RealmDB";
			packageProductDependencies = (
				6145D43C28C4D7E400BA8FFF /* Realm */,
				6145D43E28C4D7E400BA8FFF /* RealmSwift */,
			);
			productName = "SwiftUI-GroceryApp-RealmDB";
			productReference = 6145D3F828C4D31800BA8FFF /* SwiftUI-GroceryApp-RealmDB.app */;
			productType = "com.apple.product-type.application";
		};
		6145D40728C4D31900BA8FFF /* SwiftUI-GroceryApp-RealmDBTests */ = {
			isa = PBXNativeTarget;
			buildConfigurationList = 6145D41F28C4D31900BA8FFF /* Build configuration list for PBXNativeTarget "SwiftUI-GroceryApp-RealmDBTests" */;
			buildPhases = (
				6145D40428C4D31900BA8FFF /* Sources */,
				6145D40528C4D31900BA8FFF /* Frameworks */,
				6145D40628C4D31900BA8FFF /* Resources */,
			);
			buildRules = (
			);
			dependencies = (
				6145D40A28C4D31900BA8FFF /* PBXTargetDependency */,
			);
			name = "SwiftUI-GroceryApp-RealmDBTests";
			productName = "SwiftUI-GroceryApp-RealmDBTests";
			productReference = 6145D40828C4D31900BA8FFF /* SwiftUI-GroceryApp-RealmDBTests.xctest */;
			productType = "com.apple.product-type.bundle.unit-test";
		};
		6145D41128C4D31900BA8FFF /* SwiftUI-GroceryApp-RealmDBUITests */ = {
			isa = PBXNativeTarget;
			buildConfigurationList = 6145D42228C4D31900BA8FFF /* Build configuration list for PBXNativeTarget "SwiftUI-GroceryApp-RealmDBUITests" */;
			buildPhases = (
				6145D40E28C4D31900BA8FFF /* Sources */,
				6145D40F28C4D31900BA8FFF /* Frameworks */,
				6145D41028C4D31900BA8FFF /* Resources */,
			);
			buildRules = (
			);
			dependencies = (
				6145D41428C4D31900BA8FFF /* PBXTargetDependency */,
			);
			name = "SwiftUI-GroceryApp-RealmDBUITests";
			productName = "SwiftUI-GroceryApp-RealmDBUITests";
			productReference = 6145D41228C4D31900BA8FFF /* SwiftUI-GroceryApp-RealmDBUITests.xctest */;
			productType = "com.apple.product-type.bundle.ui-testing";
		};
/* End PBXNativeTarget section */

/* Begin PBXProject section */
		6145D3F028C4D31800BA8FFF /* Project object */ = {
			isa = PBXProject;
			attributes = {
				BuildIndependentTargetsInParallel = 1;
				LastSwiftUpdateCheck = 1340;
				LastUpgradeCheck = 1340;
				TargetAttributes = {
					6145D3F728C4D31800BA8FFF = {
						CreatedOnToolsVersion = 13.4.1;
					};
					6145D40728C4D31900BA8FFF = {
						CreatedOnToolsVersion = 13.4.1;
						TestTargetID = 6145D3F728C4D31800BA8FFF;
					};
					6145D41128C4D31900BA8FFF = {
						CreatedOnToolsVersion = 13.4.1;
						TestTargetID = 6145D3F728C4D31800BA8FFF;
					};
				};
			};
			buildConfigurationList = 6145D3F328C4D31800BA8FFF /* Build configuration list for PBXProject "SwiftUI-GroceryApp-RealmDB" */;
			compatibilityVersion = "Xcode 13.0";
			developmentRegion = en;
			hasScannedForEncodings = 0;
			knownRegions = (
				en,
				Base,
			);
			mainGroup = 6145D3EF28C4D31800BA8FFF;
			packageReferences = (
				6145D43B28C4D7E400BA8FFF /* XCRemoteSwiftPackageReference "realm-swift" */,
			);
			productRefGroup = 6145D3F928C4D31800BA8FFF /* Products */;
			projectDirPath = "";
			projectRoot = "";
			targets = (
				6145D3F728C4D31800BA8FFF /* SwiftUI-GroceryApp-RealmDB */,
				6145D40728C4D31900BA8FFF /* SwiftUI-GroceryApp-RealmDBTests */,
				6145D41128C4D31900BA8FFF /* SwiftUI-GroceryApp-RealmDBUITests */,
			);
		};
/* End PBXProject section */

/* Begin PBXResourcesBuildPhase section */
		6145D3F628C4D31800BA8FFF /* Resources */ = {
			isa = PBXResourcesBuildPhase;
			buildActionMask = 2147483647;
			files = (
				6145D59F28C5590E00BA8FFF /* Launch Screen.storyboard in Resources */,
				6145D40328C4D31900BA8FFF /* Preview Assets.xcassets in Resources */,
				6145D40028C4D31900BA8FFF /* Assets.xcassets in Resources */,
			);
			runOnlyForDeploymentPostprocessing = 0;
		};
		6145D40628C4D31900BA8FFF /* Resources */ = {
			isa = PBXResourcesBuildPhase;
			buildActionMask = 2147483647;
			files = (
			);
			runOnlyForDeploymentPostprocessing = 0;
		};
		6145D41028C4D31900BA8FFF /* Resources */ = {
			isa = PBXResourcesBuildPhase;
			buildActionMask = 2147483647;
			files = (
			);
			runOnlyForDeploymentPostprocessing = 0;
		};
/* End PBXResourcesBuildPhase section */

/* Begin PBXSourcesBuildPhase section */
		6145D3F428C4D31800BA8FFF /* Sources */ = {
			isa = PBXSourcesBuildPhase;
			buildActionMask = 2147483647;
			files = (
				6145D43A28C4D4E500BA8FFF /* ShoppingItemCell.swift in Sources */,
				6145D42C28C4D3CE00BA8FFF /* ShoppingItem.swift in Sources */,
				6145D43428C4D47600BA8FFF /* AddShoppingListScreen.swift in Sources */,
				6145D43828C4D4C400BA8FFF /* CategoryFilterView.swift in Sources */,
				6145D42E28C4D3F800BA8FFF /* ShoppingList.swift in Sources */,
				6145D43228C4D44B00BA8FFF /* AddShoppingListItemScreen.swift in Sources */,
				6145D3FE28C4D31800BA8FFF /* ContentView.swift in Sources */,
				6145D43028C4D41F00BA8FFF /* Migrator.swift in Sources */,
				6145D43628C4D49800BA8FFF /* ShoppingListItemsScreen.swift in Sources */,
				6145D3FC28C4D31800BA8FFF /* SwiftUI_GroceryApp_RealmDBApp.swift in Sources */,
			);
			runOnlyForDeploymentPostprocessing = 0;
		};
		6145D40428C4D31900BA8FFF /* Sources */ = {
			isa = PBXSourcesBuildPhase;
			buildActionMask = 2147483647;
			files = (
				6145D40D28C4D31900BA8FFF /* SwiftUI_GroceryApp_RealmDBTests.swift in Sources */,
			);
			runOnlyForDeploymentPostprocessing = 0;
		};
		6145D40E28C4D31900BA8FFF /* Sources */ = {
			isa = PBXSourcesBuildPhase;
			buildActionMask = 2147483647;
			files = (
				6145D41928C4D31900BA8FFF /* SwiftUI_GroceryApp_RealmDBUITestsLaunchTests.swift in Sources */,
				6145D41728C4D31900BA8FFF /* SwiftUI_GroceryApp_RealmDBUITests.swift in Sources */,
			);
			runOnlyForDeploymentPostprocessing = 0;
		};
/* End PBXSourcesBuildPhase section */

/* Begin PBXTargetDependency section */
		6145D40A28C4D31900BA8FFF /* PBXTargetDependency */ = {
			isa = PBXTargetDependency;
			target = 6145D3F728C4D31800BA8FFF /* SwiftUI-GroceryApp-RealmDB */;
			targetProxy = 6145D40928C4D31900BA8FFF /* PBXContainerItemProxy */;
		};
		6145D41428C4D31900BA8FFF /* PBXTargetDependency */ = {
			isa = PBXTargetDependency;
			target = 6145D3F728C4D31800BA8FFF /* SwiftUI-GroceryApp-RealmDB */;
			targetProxy = 6145D41328C4D31900BA8FFF /* PBXContainerItemProxy */;
		};
/* End PBXTargetDependency section */

/* Begin XCBuildConfiguration section */
		6145D41A28C4D31900BA8FFF /* Debug */ = {
			isa = XCBuildConfiguration;
			buildSettings = {
				ALWAYS_SEARCH_USER_PATHS = NO;
				CLANG_ANALYZER_NONNULL = YES;
				CLANG_ANALYZER_NUMBER_OBJECT_CONVERSION = YES_AGGRESSIVE;
				CLANG_CXX_LANGUAGE_STANDARD = "gnu++17";
				CLANG_ENABLE_MODULES = YES;
				CLANG_ENABLE_OBJC_ARC = YES;
				CLANG_ENABLE_OBJC_WEAK = YES;
				CLANG_WARN_BLOCK_CAPTURE_AUTORELEASING = YES;
				CLANG_WARN_BOOL_CONVERSION = YES;
				CLANG_WARN_COMMA = YES;
				CLANG_WARN_CONSTANT_CONVERSION = YES;
				CLANG_WARN_DEPRECATED_OBJC_IMPLEMENTATIONS = YES;
				CLANG_WARN_DIRECT_OBJC_ISA_USAGE = YES_ERROR;
				CLANG_WARN_DOCUMENTATION_COMMENTS = YES;
				CLANG_WARN_EMPTY_BODY = YES;
				CLANG_WARN_ENUM_CONVERSION = YES;
				CLANG_WARN_INFINITE_RECURSION = YES;
				CLANG_WARN_INT_CONVERSION = YES;
				CLANG_WARN_NON_LITERAL_NULL_CONVERSION = YES;
				CLANG_WARN_OBJC_IMPLICIT_RETAIN_SELF = YES;
				CLANG_WARN_OBJC_LITERAL_CONVERSION = YES;
				CLANG_WARN_OBJC_ROOT_CLASS = YES_ERROR;
				CLANG_WARN_QUOTED_INCLUDE_IN_FRAMEWORK_HEADER = YES;
				CLANG_WARN_RANGE_LOOP_ANALYSIS = YES;
				CLANG_WARN_STRICT_PROTOTYPES = YES;
				CLANG_WARN_SUSPICIOUS_MOVE = YES;
				CLANG_WARN_UNGUARDED_AVAILABILITY = YES_AGGRESSIVE;
				CLANG_WARN_UNREACHABLE_CODE = YES;
				CLANG_WARN__DUPLICATE_METHOD_MATCH = YES;
				COPY_PHASE_STRIP = NO;
				DEBUG_INFORMATION_FORMAT = dwarf;
				ENABLE_STRICT_OBJC_MSGSEND = YES;
				ENABLE_TESTABILITY = YES;
				GCC_C_LANGUAGE_STANDARD = gnu11;
				GCC_DYNAMIC_NO_PIC = NO;
				GCC_NO_COMMON_BLOCKS = YES;
				GCC_OPTIMIZATION_LEVEL = 0;
				GCC_PREPROCESSOR_DEFINITIONS = (
					"DEBUG=1",
					"$(inherited)",
				);
				GCC_WARN_64_TO_32_BIT_CONVERSION = YES;
				GCC_WARN_ABOUT_RETURN_TYPE = YES_ERROR;
				GCC_WARN_UNDECLARED_SELECTOR = YES;
				GCC_WARN_UNINITIALIZED_AUTOS = YES_AGGRESSIVE;
				GCC_WARN_UNUSED_FUNCTION = YES;
				GCC_WARN_UNUSED_VARIABLE = YES;
				IPHONEOS_DEPLOYMENT_TARGET = 15.5;
				MTL_ENABLE_DEBUG_INFO = INCLUDE_SOURCE;
				MTL_FAST_MATH = YES;
				ONLY_ACTIVE_ARCH = YES;
				SDKROOT = iphoneos;
				SWIFT_ACTIVE_COMPILATION_CONDITIONS = DEBUG;
				SWIFT_OPTIMIZATION_LEVEL = "-Onone";
			};
			name = Debug;
		};
		6145D41B28C4D31900BA8FFF /* Release */ = {
			isa = XCBuildConfiguration;
			buildSettings = {
				ALWAYS_SEARCH_USER_PATHS = NO;
				CLANG_ANALYZER_NONNULL = YES;
				CLANG_ANALYZER_NUMBER_OBJECT_CONVERSION = YES_AGGRESSIVE;
				CLANG_CXX_LANGUAGE_STANDARD = "gnu++17";
				CLANG_ENABLE_MODULES = YES;
				CLANG_ENABLE_OBJC_ARC = YES;
				CLANG_ENABLE_OBJC_WEAK = YES;
				CLANG_WARN_BLOCK_CAPTURE_AUTORELEASING = YES;
				CLANG_WARN_BOOL_CONVERSION = YES;
				CLANG_WARN_COMMA = YES;
				CLANG_WARN_CONSTANT_CONVERSION = YES;
				CLANG_WARN_DEPRECATED_OBJC_IMPLEMENTATIONS = YES;
				CLANG_WARN_DIRECT_OBJC_ISA_USAGE = YES_ERROR;
				CLANG_WARN_DOCUMENTATION_COMMENTS = YES;
				CLANG_WARN_EMPTY_BODY = YES;
				CLANG_WARN_ENUM_CONVERSION = YES;
				CLANG_WARN_INFINITE_RECURSION = YES;
				CLANG_WARN_INT_CONVERSION = YES;
				CLANG_WARN_NON_LITERAL_NULL_CONVERSION = YES;
				CLANG_WARN_OBJC_IMPLICIT_RETAIN_SELF = YES;
				CLANG_WARN_OBJC_LITERAL_CONVERSION = YES;
				CLANG_WARN_OBJC_ROOT_CLASS = YES_ERROR;
				CLANG_WARN_QUOTED_INCLUDE_IN_FRAMEWORK_HEADER = YES;
				CLANG_WARN_RANGE_LOOP_ANALYSIS = YES;
				CLANG_WARN_STRICT_PROTOTYPES = YES;
				CLANG_WARN_SUSPICIOUS_MOVE = YES;
				CLANG_WARN_UNGUARDED_AVAILABILITY = YES_AGGRESSIVE;
				CLANG_WARN_UNREACHABLE_CODE = YES;
				CLANG_WARN__DUPLICATE_METHOD_MATCH = YES;
				COPY_PHASE_STRIP = NO;
				DEBUG_INFORMATION_FORMAT = "dwarf-with-dsym";
				ENABLE_NS_ASSERTIONS = NO;
				ENABLE_STRICT_OBJC_MSGSEND = YES;
				GCC_C_LANGUAGE_STANDARD = gnu11;
				GCC_NO_COMMON_BLOCKS = YES;
				GCC_WARN_64_TO_32_BIT_CONVERSION = YES;
				GCC_WARN_ABOUT_RETURN_TYPE = YES_ERROR;
				GCC_WARN_UNDECLARED_SELECTOR = YES;
				GCC_WARN_UNINITIALIZED_AUTOS = YES_AGGRESSIVE;
				GCC_WARN_UNUSED_FUNCTION = YES;
				GCC_WARN_UNUSED_VARIABLE = YES;
				IPHONEOS_DEPLOYMENT_TARGET = 15.5;
				MTL_ENABLE_DEBUG_INFO = NO;
				MTL_FAST_MATH = YES;
				SDKROOT = iphoneos;
				SWIFT_COMPILATION_MODE = wholemodule;
				SWIFT_OPTIMIZATION_LEVEL = "-O";
				VALIDATE_PRODUCT = YES;
			};
			name = Release;
		};
		6145D41D28C4D31900BA8FFF /* Debug */ = {
			isa = XCBuildConfiguration;
			buildSettings = {
				ASSETCATALOG_COMPILER_APPICON_NAME = AppIcon;
				ASSETCATALOG_COMPILER_GLOBAL_ACCENT_COLOR_NAME = AccentColor;
				CODE_SIGN_STYLE = Automatic;
				CURRENT_PROJECT_VERSION = 1;
				DEVELOPMENT_ASSET_PATHS = "\"SwiftUI-GroceryApp-RealmDB/Preview Content\"";
				ENABLE_PREVIEWS = YES;
				GENERATE_INFOPLIST_FILE = YES;
				INFOPLIST_KEY_UIApplicationSceneManifest_Generation = YES;
				INFOPLIST_KEY_UIApplicationSupportsIndirectInputEvents = YES;
				INFOPLIST_KEY_UILaunchScreen_Generation = YES;
				INFOPLIST_KEY_UILaunchStoryboardName = "Launch Screen";
				INFOPLIST_KEY_UISupportedInterfaceOrientations_iPad = "UIInterfaceOrientationPortrait UIInterfaceOrientationPortraitUpsideDown UIInterfaceOrientationLandscapeLeft UIInterfaceOrientationLandscapeRight";
				INFOPLIST_KEY_UISupportedInterfaceOrientations_iPhone = "UIInterfaceOrientationPortrait UIInterfaceOrientationLandscapeLeft UIInterfaceOrientationLandscapeRight";
				LD_RUNPATH_SEARCH_PATHS = (
					"$(inherited)",
					"@executable_path/Frameworks",
				);
				MARKETING_VERSION = 1.0;
				PRODUCT_BUNDLE_IDENTIFIER = "com.SwiftUI-GroceryApp-RealmDB";
				PRODUCT_NAME = "$(TARGET_NAME)";
				SWIFT_EMIT_LOC_STRINGS = YES;
				SWIFT_VERSION = 5.0;
				TARGETED_DEVICE_FAMILY = "1,2";
			};
			name = Debug;
		};
		6145D41E28C4D31900BA8FFF /* Release */ = {
			isa = XCBuildConfiguration;
			buildSettings = {
				ASSETCATALOG_COMPILER_APPICON_NAME = AppIcon;
				ASSETCATALOG_COMPILER_GLOBAL_ACCENT_COLOR_NAME = AccentColor;
				CODE_SIGN_STYLE = Automatic;
				CURRENT_PROJECT_VERSION = 1;
				DEVELOPMENT_ASSET_PATHS = "\"SwiftUI-GroceryApp-RealmDB/Preview Content\"";
				ENABLE_PREVIEWS = YES;
				GENERATE_INFOPLIST_FILE = YES;
				INFOPLIST_KEY_UIApplicationSceneManifest_Generation = YES;
				INFOPLIST_KEY_UIApplicationSupportsIndirectInputEvents = YES;
				INFOPLIST_KEY_UILaunchScreen_Generation = YES;
				INFOPLIST_KEY_UILaunchStoryboardName = "Launch Screen";
				INFOPLIST_KEY_UISupportedInterfaceOrientations_iPad = "UIInterfaceOrientationPortrait UIInterfaceOrientationPortraitUpsideDown UIInterfaceOrientationLandscapeLeft UIInterfaceOrientationLandscapeRight";
				INFOPLIST_KEY_UISupportedInterfaceOrientations_iPhone = "UIInterfaceOrientationPortrait UIInterfaceOrientationLandscapeLeft UIInterfaceOrientationLandscapeRight";
				LD_RUNPATH_SEARCH_PATHS = (
					"$(inherited)",
					"@executable_path/Frameworks",
				);
				MARKETING_VERSION = 1.0;
				PRODUCT_BUNDLE_IDENTIFIER = "com.SwiftUI-GroceryApp-RealmDB";
				PRODUCT_NAME = "$(TARGET_NAME)";
				SWIFT_EMIT_LOC_STRINGS = YES;
				SWIFT_VERSION = 5.0;
				TARGETED_DEVICE_FAMILY = "1,2";
			};
			name = Release;
		};
		6145D42028C4D31900BA8FFF /* Debug */ = {
			isa = XCBuildConfiguration;
			buildSettings = {
				ALWAYS_EMBED_SWIFT_STANDARD_LIBRARIES = YES;
				BUNDLE_LOADER = "$(TEST_HOST)";
				CODE_SIGN_STYLE = Automatic;
				CURRENT_PROJECT_VERSION = 1;
				GENERATE_INFOPLIST_FILE = YES;
				IPHONEOS_DEPLOYMENT_TARGET = 15.5;
				MARKETING_VERSION = 1.0;
				PRODUCT_BUNDLE_IDENTIFIER = "com.SwiftUI-GroceryApp-RealmDBTests";
				PRODUCT_NAME = "$(TARGET_NAME)";
				SWIFT_EMIT_LOC_STRINGS = NO;
				SWIFT_VERSION = 5.0;
				TARGETED_DEVICE_FAMILY = "1,2";
				TEST_HOST = "$(BUILT_PRODUCTS_DIR)/SwiftUI-GroceryApp-RealmDB.app/SwiftUI-GroceryApp-RealmDB";
			};
			name = Debug;
		};
		6145D42128C4D31900BA8FFF /* Release */ = {
			isa = XCBuildConfiguration;
			buildSettings = {
				ALWAYS_EMBED_SWIFT_STANDARD_LIBRARIES = YES;
				BUNDLE_LOADER = "$(TEST_HOST)";
				CODE_SIGN_STYLE = Automatic;
				CURRENT_PROJECT_VERSION = 1;
				GENERATE_INFOPLIST_FILE = YES;
				IPHONEOS_DEPLOYMENT_TARGET = 15.5;
				MARKETING_VERSION = 1.0;
				PRODUCT_BUNDLE_IDENTIFIER = "com.SwiftUI-GroceryApp-RealmDBTests";
				PRODUCT_NAME = "$(TARGET_NAME)";
				SWIFT_EMIT_LOC_STRINGS = NO;
				SWIFT_VERSION = 5.0;
				TARGETED_DEVICE_FAMILY = "1,2";
				TEST_HOST = "$(BUILT_PRODUCTS_DIR)/SwiftUI-GroceryApp-RealmDB.app/SwiftUI-GroceryApp-RealmDB";
			};
			name = Release;
		};
		6145D42328C4D31900BA8FFF /* Debug */ = {
			isa = XCBuildConfiguration;
			buildSettings = {
				ALWAYS_EMBED_SWIFT_STANDARD_LIBRARIES = YES;
				CODE_SIGN_STYLE = Automatic;
				CURRENT_PROJECT_VERSION = 1;
				GENERATE_INFOPLIST_FILE = YES;
				MARKETING_VERSION = 1.0;
				PRODUCT_BUNDLE_IDENTIFIER = "com.SwiftUI-GroceryApp-RealmDBUITests";
				PRODUCT_NAME = "$(TARGET_NAME)";
				SWIFT_EMIT_LOC_STRINGS = NO;
				SWIFT_VERSION = 5.0;
				TARGETED_DEVICE_FAMILY = "1,2";
				TEST_TARGET_NAME = "SwiftUI-GroceryApp-RealmDB";
			};
			name = Debug;
		};
		6145D42428C4D31900BA8FFF /* Release */ = {
			isa = XCBuildConfiguration;
			buildSettings = {
				ALWAYS_EMBED_SWIFT_STANDARD_LIBRARIES = YES;
				CODE_SIGN_STYLE = Automatic;
				CURRENT_PROJECT_VERSION = 1;
				GENERATE_INFOPLIST_FILE = YES;
				MARKETING_VERSION = 1.0;
				PRODUCT_BUNDLE_IDENTIFIER = "com.SwiftUI-GroceryApp-RealmDBUITests";
				PRODUCT_NAME = "$(TARGET_NAME)";
				SWIFT_EMIT_LOC_STRINGS = NO;
				SWIFT_VERSION = 5.0;
				TARGETED_DEVICE_FAMILY = "1,2";
				TEST_TARGET_NAME = "SwiftUI-GroceryApp-RealmDB";
			};
			name = Release;
		};
/* End XCBuildConfiguration section */

/* Begin XCConfigurationList section */
		6145D3F328C4D31800BA8FFF /* Build configuration list for PBXProject "SwiftUI-GroceryApp-RealmDB" */ = {
			isa = XCConfigurationList;
			buildConfigurations = (
				6145D41A28C4D31900BA8FFF /* Debug */,
				6145D41B28C4D31900BA8FFF /* Release */,
			);
			defaultConfigurationIsVisible = 0;
			defaultConfigurationName = Release;
		};
		6145D41C28C4D31900BA8FFF /* Build configuration list for PBXNativeTarget "SwiftUI-GroceryApp-RealmDB" */ = {
			isa = XCConfigurationList;
			buildConfigurations = (
				6145D41D28C4D31900BA8FFF /* Debug */,
				6145D41E28C4D31900BA8FFF /* Release */,
			);
			defaultConfigurationIsVisible = 0;
			defaultConfigurationName = Release;
		};
		6145D41F28C4D31900BA8FFF /* Build configuration list for PBXNativeTarget "SwiftUI-GroceryApp-RealmDBTests" */ = {
			isa = XCConfigurationList;
			buildConfigurations = (
				6145D42028C4D31900BA8FFF /* Debug */,
				6145D42128C4D31900BA8FFF /* Release */,
			);
			defaultConfigurationIsVisible = 0;
			defaultConfigurationName = Release;
		};
		6145D42228C4D31900BA8FFF /* Build configuration list for PBXNativeTarget "SwiftUI-GroceryApp-RealmDBUITests" */ = {
			isa = XCConfigurationList;
			buildConfigurations = (
				6145D42328C4D31900BA8FFF /* Debug */,
				6145D42428C4D31900BA8FFF /* Release */,
			);
			defaultConfigurationIsVisible = 0;
			defaultConfigurationName = Release;
		};
/* End XCConfigurationList section */

/* Begin XCRemoteSwiftPackageReference section */
		6145D43B28C4D7E400BA8FFF /* XCRemoteSwiftPackageReference "realm-swift" */ = {
			isa = XCRemoteSwiftPackageReference;
			repositoryURL = "https://github.com/realm/realm-swift.git";
			requirement = {
				kind = upToNextMinorVersion;
				minimumVersion = 10.28.7;
			};
		};
/* End XCRemoteSwiftPackageReference section */

/* Begin XCSwiftPackageProductDependency section */
		6145D43C28C4D7E400BA8FFF /* Realm */ = {
			isa = XCSwiftPackageProductDependency;
			package = 6145D43B28C4D7E400BA8FFF /* XCRemoteSwiftPackageReference "realm-swift" */;
			productName = Realm;
		};
		6145D43E28C4D7E400BA8FFF /* RealmSwift */ = {
			isa = XCSwiftPackageProductDependency;
			package = 6145D43B28C4D7E400BA8FFF /* XCRemoteSwiftPackageReference "realm-swift" */;
			productName = RealmSwift;
		};
/* End XCSwiftPackageProductDependency section */
	};
	rootObject = 6145D3F028C4D31800BA8FFF /* Project object */;
}
